
Microsoft Visual Studio Solution File, Format Version 12.00
# Visual Studio Version 17
VisualStudioVersion = 17.1.32407.343
MinimumVisualStudioVersion = 10.0.40219.1
Project("{FAE04EC0-301F-11D3-BF4B-00C04F79EFBC}") = "Project_Yogita_Gurav", "Project_Yogita_Gurav\Project_Yogita_Gurav.csproj", "{ECDA7A74-AD9B-4301-8765-9C58DB6FBB28}"
EndProject
Global
	GlobalSection(SolutionConfigurationPlatforms) = preSolution
		Debug|Any CPU = Debug|Any CPU
		Release|Any CPU = Release|Any CPU
	EndGlobalSection
	GlobalSection(ProjectConfigurationPlatforms) = postSolution
		{ECDA7A74-AD9B-4301-8765-9C58DB6FBB28}.Debug|Any CPU.ActiveCfg = Debug|Any CPU
		{ECDA7A74-AD9B-4301-8765-9C58DB6FBB28}.Debug|Any CPU.Build.0 = Debug|Any CPU
		{ECDA7A74-AD9B-4301-8765-9C58DB6FBB28}.Release|Any CPU.ActiveCfg = Release|Any CPU
		{ECDA7A74-AD9B-4301-8765-9C58DB6FBB28}.Release|Any CPU.Build.0 = Release|Any CPU
	EndGlobalSection
	GlobalSection(SolutionProperties) = preSolution
		HideSolutionNode = FALSE
	EndGlobalSection
	GlobalSection(ExtensibilityGlobals) = postSolution
		SolutionGuid = {01036992-D0E6-43E4-9D65-FF5DFF1C1240}
	EndGlobalSection
EndGlobal
